
Microsoft Visual Studio Solution File, Format Version 10.00
# Visual Studio 2008
Project("{FAE04EC0-301F-11D3-BF4B-00C04F79EFBC}") = "UMMO.TestingUtils", "UMMO.TestingUtils\UMMO.TestingUtils.csproj", "{2455C7A7-7A94-446B-9A0E-456A3C5C8DD6}"
EndProject
Project("{FAE04EC0-301F-11D3-BF4B-00C04F79EFBC}") = "UMMO.TestingUtils.Specs", "UMMO.TestingUtils.Specs\UMMO.TestingUtils.Specs.csproj", "{148F8478-874C-4C42-A96E-EB8A64E566CA}"
EndProject
Project("{FAE04EC0-301F-11D3-BF4B-00C04F79EFBC}") = "UMMO.Extensions", "UMMO.Extensions\UMMO.Extensions.csproj", "{E618AA69-7C27-4791-A933-677BAC4F8233}"
EndProject
Global
	GlobalSection(SolutionConfigurationPlatforms) = preSolution
		Debug|Any CPU = Debug|Any CPU
		Release|Any CPU = Release|Any CPU
	EndGlobalSection
	GlobalSection(ProjectConfigurationPlatforms) = postSolution
		{2455C7A7-7A94-446B-9A0E-456A3C5C8DD6}.Debug|Any CPU.ActiveCfg = Debug|Any CPU
		{2455C7A7-7A94-446B-9A0E-456A3C5C8DD6}.Debug|Any CPU.Build.0 = Debug|Any CPU
		{2455C7A7-7A94-446B-9A0E-456A3C5C8DD6}.Release|Any CPU.ActiveCfg = Release|Any CPU
		{2455C7A7-7A94-446B-9A0E-456A3C5C8DD6}.Release|Any CPU.Build.0 = Release|Any CPU
		{148F8478-874C-4C42-A96E-EB8A64E566CA}.Debug|Any CPU.ActiveCfg = Debug|Any CPU
		{148F8478-874C-4C42-A96E-EB8A64E566CA}.Debug|Any CPU.Build.0 = Debug|Any CPU
		{148F8478-874C-4C42-A96E-EB8A64E566CA}.Release|Any CPU.ActiveCfg = Release|Any CPU
		{148F8478-874C-4C42-A96E-EB8A64E566CA}.Release|Any CPU.Build.0 = Release|Any CPU
		{E618AA69-7C27-4791-A933-677BAC4F8233}.Debug|Any CPU.ActiveCfg = Debug|Any CPU
		{E618AA69-7C27-4791-A933-677BAC4F8233}.Debug|Any CPU.Build.0 = Debug|Any CPU
		{E618AA69-7C27-4791-A933-677BAC4F8233}.Release|Any CPU.ActiveCfg = Release|Any CPU
		{E618AA69-7C27-4791-A933-677BAC4F8233}.Release|Any CPU.Build.0 = Release|Any CPU
	EndGlobalSection
	GlobalSection(SolutionProperties) = preSolution
		HideSolutionNode = FALSE
	EndGlobalSection
EndGlobal
